
Microsoft Visual Studio Solution File, Format Version 12.00
# Visual Studio 2013
VisualStudioVersion = 12.0.21005.1
MinimumVisualStudioVersion = 10.0.40219.1
Project("{FAE04EC0-301F-11D3-BF4B-00C04F79EFBC}") = "OverlayTest", "OverlayTest\OverlayTest.csproj", "{A31D96E2-96BB-4D45-BE5F-744BB043A2F4}"
EndProject
Project("{FAE04EC0-301F-11D3-BF4B-00C04F79EFBC}") = "OverlayTest.iOS", "iOS\OverlayTest.iOS.csproj", "{9F88B0C4-4395-4670-8629-2D585196251F}"
EndProject
Project("{FAE04EC0-301F-11D3-BF4B-00C04F79EFBC}") = "OverlayTest.Android", "Android\OverlayTest.Android.csproj", "{05514080-86B8-4D54-8E2D-4797FD1A014F}"
EndProject
Project("{FAE04EC0-301F-11D3-BF4B-00C04F79EFBC}") = "OverlayTest.WinPhone", "OverlayTest.WinPhone\OverlayTest.WinPhone.csproj", "{2B014D7A-2897-4D18-AADE-42CEA3669BFB}"
EndProject
Global
	GlobalSection(SolutionConfigurationPlatforms) = preSolution
		Ad-Hoc|Any CPU = Ad-Hoc|Any CPU
		Ad-Hoc|ARM = Ad-Hoc|ARM
		Ad-Hoc|iPhone = Ad-Hoc|iPhone
		Ad-Hoc|iPhoneSimulator = Ad-Hoc|iPhoneSimulator
		Ad-Hoc|Mixed Platforms = Ad-Hoc|Mixed Platforms
		Ad-Hoc|x86 = Ad-Hoc|x86
		AppStore|Any CPU = AppStore|Any CPU
		AppStore|ARM = AppStore|ARM
		AppStore|iPhone = AppStore|iPhone
		AppStore|iPhoneSimulator = AppStore|iPhoneSimulator
		AppStore|Mixed Platforms = AppStore|Mixed Platforms
		AppStore|x86 = AppStore|x86
		Debug|Any CPU = Debug|Any CPU
		Debug|ARM = Debug|ARM
		Debug|iPhone = Debug|iPhone
		Debug|iPhoneSimulator = Debug|iPhoneSimulator
		Debug|Mixed Platforms = Debug|Mixed Platforms
		Debug|x86 = Debug|x86
		Release|Any CPU = Release|Any CPU
		Release|ARM = Release|ARM
		Release|iPhone = Release|iPhone
		Release|iPhoneSimulator = Release|iPhoneSimulator
		Release|Mixed Platforms = Release|Mixed Platforms
		Release|x86 = Release|x86
	EndGlobalSection
	GlobalSection(ProjectConfigurationPlatforms) = postSolution
		{A31D96E2-96BB-4D45-BE5F-744BB043A2F4}.Ad-Hoc|Any CPU.ActiveCfg = Release|Any CPU
		{A31D96E2-96BB-4D45-BE5F-744BB043A2F4}.Ad-Hoc|ARM.ActiveCfg = Release|Any CPU
		{A31D96E2-96BB-4D45-BE5F-744BB043A2F4}.Ad-Hoc|iPhone.ActiveCfg = Debug|Any CPU
		{A31D96E2-96BB-4D45-BE5F-744BB043A2F4}.Ad-Hoc|iPhone.Build.0 = Debug|Any CPU
		{A31D96E2-96BB-4D45-BE5F-744BB043A2F4}.Ad-Hoc|iPhoneSimulator.ActiveCfg = Release|Any CPU
		{A31D96E2-96BB-4D45-BE5F-744BB043A2F4}.Ad-Hoc|Mixed Platforms.ActiveCfg = Release|Any CPU
		{A31D96E2-96BB-4D45-BE5F-744BB043A2F4}.Ad-Hoc|Mixed Platforms.Build.0 = Release|Any CPU
		{A31D96E2-96BB-4D45-BE5F-744BB043A2F4}.Ad-Hoc|x86.ActiveCfg = Release|Any CPU
		{A31D96E2-96BB-4D45-BE5F-744BB043A2F4}.AppStore|Any CPU.ActiveCfg = Release|Any CPU
		{A31D96E2-96BB-4D45-BE5F-744BB043A2F4}.AppStore|ARM.ActiveCfg = Release|Any CPU
		{A31D96E2-96BB-4D45-BE5F-744BB043A2F4}.AppStore|iPhone.ActiveCfg = Debug|Any CPU
		{A31D96E2-96BB-4D45-BE5F-744BB043A2F4}.AppStore|iPhone.Build.0 = Debug|Any CPU
		{A31D96E2-96BB-4D45-BE5F-744BB043A2F4}.AppStore|iPhoneSimulator.ActiveCfg = Release|Any CPU
		{A31D96E2-96BB-4D45-BE5F-744BB043A2F4}.AppStore|Mixed Platforms.ActiveCfg = Release|Any CPU
		{A31D96E2-96BB-4D45-BE5F-744BB043A2F4}.AppStore|Mixed Platforms.Build.0 = Release|Any CPU
		{A31D96E2-96BB-4D45-BE5F-744BB043A2F4}.AppStore|x86.ActiveCfg = Release|Any CPU
		{A31D96E2-96BB-4D45-BE5F-744BB043A2F4}.Debug|Any CPU.ActiveCfg = Debug|Any CPU
		{A31D96E2-96BB-4D45-BE5F-744BB043A2F4}.Debug|Any CPU.Build.0 = Debug|Any CPU
		{A31D96E2-96BB-4D45-BE5F-744BB043A2F4}.Debug|ARM.ActiveCfg = Debug|Any CPU
		{A31D96E2-96BB-4D45-BE5F-744BB043A2F4}.Debug|iPhone.ActiveCfg = Debug|Any CPU
		{A31D96E2-96BB-4D45-BE5F-744BB043A2F4}.Debug|iPhone.Build.0 = Debug|Any CPU
		{A31D96E2-96BB-4D45-BE5F-744BB043A2F4}.Debug|iPhoneSimulator.ActiveCfg = Debug|Any CPU
		{A31D96E2-96BB-4D45-BE5F-744BB043A2F4}.Debug|iPhoneSimulator.Build.0 = Debug|Any CPU
		{A31D96E2-96BB-4D45-BE5F-744BB043A2F4}.Debug|Mixed Platforms.ActiveCfg = Debug|Any CPU
		{A31D96E2-96BB-4D45-BE5F-744BB043A2F4}.Debug|Mixed Platforms.Build.0 = Debug|Any CPU
		{A31D96E2-96BB-4D45-BE5F-744BB043A2F4}.Debug|x86.ActiveCfg = Debug|Any CPU
		{A31D96E2-96BB-4D45-BE5F-744BB043A2F4}.Release|Any CPU.ActiveCfg = Release|Any CPU
		{A31D96E2-96BB-4D45-BE5F-744BB043A2F4}.Release|Any CPU.Build.0 = Release|Any CPU
		{A31D96E2-96BB-4D45-BE5F-744BB043A2F4}.Release|ARM.ActiveCfg = Release|Any CPU
		{A31D96E2-96BB-4D45-BE5F-744BB043A2F4}.Release|iPhone.ActiveCfg = Release|Any CPU
		{A31D96E2-96BB-4D45-BE5F-744BB043A2F4}.Release|iPhone.Build.0 = Release|Any CPU
		{A31D96E2-96BB-4D45-BE5F-744BB043A2F4}.Release|iPhoneSimulator.ActiveCfg = Release|Any CPU
		{A31D96E2-96BB-4D45-BE5F-744BB043A2F4}.Release|iPhoneSimulator.Build.0 = Release|Any CPU
		{A31D96E2-96BB-4D45-BE5F-744BB043A2F4}.Release|Mixed Platforms.ActiveCfg = Release|Any CPU
		{A31D96E2-96BB-4D45-BE5F-744BB043A2F4}.Release|Mixed Platforms.Build.0 = Release|Any CPU
		{A31D96E2-96BB-4D45-BE5F-744BB043A2F4}.Release|x86.ActiveCfg = Release|Any CPU
		{9F88B0C4-4395-4670-8629-2D585196251F}.Ad-Hoc|Any CPU.ActiveCfg = Ad-Hoc|iPhone
		{9F88B0C4-4395-4670-8629-2D585196251F}.Ad-Hoc|ARM.ActiveCfg = Ad-Hoc|iPhoneSimulator
		{9F88B0C4-4395-4670-8629-2D585196251F}.Ad-Hoc|iPhone.ActiveCfg = Ad-Hoc|iPhone
		{9F88B0C4-4395-4670-8629-2D585196251F}.Ad-Hoc|iPhone.Build.0 = Ad-Hoc|iPhone
		{9F88B0C4-4395-4670-8629-2D585196251F}.Ad-Hoc|iPhoneSimulator.ActiveCfg = Ad-Hoc|iPhone
		{9F88B0C4-4395-4670-8629-2D585196251F}.Ad-Hoc|Mixed Platforms.ActiveCfg = Ad-Hoc|iPhoneSimulator
		{9F88B0C4-4395-4670-8629-2D585196251F}.Ad-Hoc|Mixed Platforms.Build.0 = Ad-Hoc|iPhoneSimulator
		{9F88B0C4-4395-4670-8629-2D585196251F}.Ad-Hoc|Mixed Platforms.Deploy.0 = Ad-Hoc|iPhoneSimulator
		{9F88B0C4-4395-4670-8629-2D585196251F}.Ad-Hoc|x86.ActiveCfg = Ad-Hoc|iPhoneSimulator
		{9F88B0C4-4395-4670-8629-2D585196251F}.AppStore|Any CPU.ActiveCfg = AppStore|iPhone
		{9F88B0C4-4395-4670-8629-2D585196251F}.AppStore|ARM.ActiveCfg = AppStore|iPhoneSimulator
		{9F88B0C4-4395-4670-8629-2D585196251F}.AppStore|iPhone.ActiveCfg = AppStore|iPhone
		{9F88B0C4-4395-4670-8629-2D585196251F}.AppStore|iPhone.Build.0 = AppStore|iPhone
		{9F88B0C4-4395-4670-8629-2D585196251F}.AppStore|iPhoneSimulator.ActiveCfg = AppStore|iPhone
		{9F88B0C4-4395-4670-8629-2D585196251F}.AppStore|Mixed Platforms.ActiveCfg = AppStore|iPhoneSimulator
		{9F88B0C4-4395-4670-8629-2D585196251F}.AppStore|Mixed Platforms.Build.0 = AppStore|iPhoneSimulator
		{9F88B0C4-4395-4670-8629-2D585196251F}.AppStore|Mixed Platforms.Deploy.0 = AppStore|iPhoneSimulator
		{9F88B0C4-4395-4670-8629-2D585196251F}.AppStore|x86.ActiveCfg = AppStore|iPhoneSimulator
		{9F88B0C4-4395-4670-8629-2D585196251F}.Debug|Any CPU.ActiveCfg = Debug|iPhoneSimulator
		{9F88B0C4-4395-4670-8629-2D585196251F}.Debug|Any CPU.Build.0 = Debug|iPhoneSimulator
		{9F88B0C4-4395-4670-8629-2D585196251F}.Debug|ARM.ActiveCfg = Debug|iPhone
		{9F88B0C4-4395-4670-8629-2D585196251F}.Debug|iPhone.ActiveCfg = Debug|iPhone
		{9F88B0C4-4395-4670-8629-2D585196251F}.Debug|iPhone.Build.0 = Debug|iPhone
		{9F88B0C4-4395-4670-8629-2D585196251F}.Debug|iPhoneSimulator.ActiveCfg = Debug|iPhoneSimulator
		{9F88B0C4-4395-4670-8629-2D585196251F}.Debug|iPhoneSimulator.Build.0 = Debug|iPhoneSimulator
		{9F88B0C4-4395-4670-8629-2D585196251F}.Debug|Mixed Platforms.ActiveCfg = Debug|iPhone
		{9F88B0C4-4395-4670-8629-2D585196251F}.Debug|Mixed Platforms.Build.0 = Debug|iPhone
		{9F88B0C4-4395-4670-8629-2D585196251F}.Debug|Mixed Platforms.Deploy.0 = Debug|iPhone
		{9F88B0C4-4395-4670-8629-2D585196251F}.Debug|x86.ActiveCfg = Debug|iPhone
		{9F88B0C4-4395-4670-8629-2D585196251F}.Release|Any CPU.ActiveCfg = Release|iPhoneSimulator
		{9F88B0C4-4395-4670-8629-2D585196251F}.Release|Any CPU.Build.0 = Release|iPhoneSimulator
		{9F88B0C4-4395-4670-8629-2D585196251F}.Release|ARM.ActiveCfg = Release|iPhone
		{9F88B0C4-4395-4670-8629-2D585196251F}.Release|iPhone.ActiveCfg = Release|iPhone
		{9F88B0C4-4395-4670-8629-2D585196251F}.Release|iPhone.Build.0 = Release|iPhone
		{9F88B0C4-4395-4670-8629-2D585196251F}.Release|iPhoneSimulator.ActiveCfg = Release|iPhoneSimulator
		{9F88B0C4-4395-4670-8629-2D585196251F}.Release|iPhoneSimulator.Build.0 = Release|iPhoneSimulator
		{9F88B0C4-4395-4670-8629-2D585196251F}.Release|Mixed Platforms.ActiveCfg = Release|iPhone
		{9F88B0C4-4395-4670-8629-2D585196251F}.Release|Mixed Platforms.Build.0 = Release|iPhone
		{9F88B0C4-4395-4670-8629-2D585196251F}.Release|Mixed Platforms.Deploy.0 = Release|iPhone
		{9F88B0C4-4395-4670-8629-2D585196251F}.Release|x86.ActiveCfg = Release|iPhone
		{05514080-86B8-4D54-8E2D-4797FD1A014F}.Ad-Hoc|Any CPU.ActiveCfg = Release|Any CPU
		{05514080-86B8-4D54-8E2D-4797FD1A014F}.Ad-Hoc|ARM.ActiveCfg = Release|Any CPU
		{05514080-86B8-4D54-8E2D-4797FD1A014F}.Ad-Hoc|iPhone.ActiveCfg = Debug|Any CPU
		{05514080-86B8-4D54-8E2D-4797FD1A014F}.Ad-Hoc|iPhone.Build.0 = Debug|Any CPU
		{05514080-86B8-4D54-8E2D-4797FD1A014F}.Ad-Hoc|iPhoneSimulator.ActiveCfg = Release|Any CPU
		{05514080-86B8-4D54-8E2D-4797FD1A014F}.Ad-Hoc|Mixed Platforms.ActiveCfg = Release|Any CPU
		{05514080-86B8-4D54-8E2D-4797FD1A014F}.Ad-Hoc|Mixed Platforms.Build.0 = Release|Any CPU
		{05514080-86B8-4D54-8E2D-4797FD1A014F}.Ad-Hoc|Mixed Platforms.Deploy.0 = Release|Any CPU
		{05514080-86B8-4D54-8E2D-4797FD1A014F}.Ad-Hoc|x86.ActiveCfg = Release|Any CPU
		{05514080-86B8-4D54-8E2D-4797FD1A014F}.AppStore|Any CPU.ActiveCfg = Release|Any CPU
		{05514080-86B8-4D54-8E2D-4797FD1A014F}.AppStore|ARM.ActiveCfg = Release|Any CPU
		{05514080-86B8-4D54-8E2D-4797FD1A014F}.AppStore|iPhone.ActiveCfg = Debug|Any CPU
		{05514080-86B8-4D54-8E2D-4797FD1A014F}.AppStore|iPhone.Build.0 = Debug|Any CPU
		{05514080-86B8-4D54-8E2D-4797FD1A014F}.AppStore|iPhoneSimulator.ActiveCfg = Release|Any CPU
		{05514080-86B8-4D54-8E2D-4797FD1A014F}.AppStore|Mixed Platforms.ActiveCfg = Release|Any CPU
		{05514080-86B8-4D54-8E2D-4797FD1A014F}.AppStore|Mixed Platforms.Build.0 = Release|Any CPU
		{05514080-86B8-4D54-8E2D-4797FD1A014F}.AppStore|Mixed Platforms.Deploy.0 = Release|Any CPU
		{05514080-86B8-4D54-8E2D-4797FD1A014F}.AppStore|x86.ActiveCfg = Release|Any CPU
		{05514080-86B8-4D54-8E2D-4797FD1A014F}.Debug|Any CPU.ActiveCfg = Debug|Any CPU
		{05514080-86B8-4D54-8E2D-4797FD1A014F}.Debug|Any CPU.Build.0 = Debug|Any CPU
		{05514080-86B8-4D54-8E2D-4797FD1A014F}.Debug|ARM.ActiveCfg = Debug|Any CPU
		{05514080-86B8-4D54-8E2D-4797FD1A014F}.Debug|iPhone.ActiveCfg = Debug|Any CPU
		{05514080-86B8-4D54-8E2D-4797FD1A014F}.Debug|iPhone.Build.0 = Debug|Any CPU
		{05514080-86B8-4D54-8E2D-4797FD1A014F}.Debug|iPhoneSimulator.ActiveCfg = Debug|Any CPU
		{05514080-86B8-4D54-8E2D-4797FD1A014F}.Debug|iPhoneSimulator.Build.0 = Debug|Any CPU
		{05514080-86B8-4D54-8E2D-4797FD1A014F}.Debug|Mixed Platforms.ActiveCfg = Debug|Any CPU
		{05514080-86B8-4D54-8E2D-4797FD1A014F}.Debug|Mixed Platforms.Build.0 = Debug|Any CPU
		{05514080-86B8-4D54-8E2D-4797FD1A014F}.Debug|Mixed Platforms.Deploy.0 = Debug|Any CPU
		{05514080-86B8-4D54-8E2D-4797FD1A014F}.Debug|x86.ActiveCfg = Debug|Any CPU
		{05514080-86B8-4D54-8E2D-4797FD1A014F}.Release|Any CPU.ActiveCfg = Release|Any CPU
		{05514080-86B8-4D54-8E2D-4797FD1A014F}.Release|Any CPU.Build.0 = Release|Any CPU
		{05514080-86B8-4D54-8E2D-4797FD1A014F}.Release|ARM.ActiveCfg = Release|Any CPU
		{05514080-86B8-4D54-8E2D-4797FD1A014F}.Release|iPhone.ActiveCfg = Release|Any CPU
		{05514080-86B8-4D54-8E2D-4797FD1A014F}.Release|iPhone.Build.0 = Release|Any CPU
		{05514080-86B8-4D54-8E2D-4797FD1A014F}.Release|iPhoneSimulator.ActiveCfg = Release|Any CPU
		{05514080-86B8-4D54-8E2D-4797FD1A014F}.Release|iPhoneSimulator.Build.0 = Release|Any CPU
		{05514080-86B8-4D54-8E2D-4797FD1A014F}.Release|Mixed Platforms.ActiveCfg = Release|Any CPU
		{05514080-86B8-4D54-8E2D-4797FD1A014F}.Release|Mixed Platforms.Build.0 = Release|Any CPU
		{05514080-86B8-4D54-8E2D-4797FD1A014F}.Release|Mixed Platforms.Deploy.0 = Release|Any CPU
		{05514080-86B8-4D54-8E2D-4797FD1A014F}.Release|x86.ActiveCfg = Release|Any CPU
		{2B014D7A-2897-4D18-AADE-42CEA3669BFB}.Ad-Hoc|Any CPU.ActiveCfg = Release|Any CPU
		{2B014D7A-2897-4D18-AADE-42CEA3669BFB}.Ad-Hoc|Any CPU.Build.0 = Release|Any CPU
		{2B014D7A-2897-4D18-AADE-42CEA3669BFB}.Ad-Hoc|Any CPU.Deploy.0 = Release|Any CPU
		{2B014D7A-2897-4D18-AADE-42CEA3669BFB}.Ad-Hoc|ARM.ActiveCfg = Release|ARM
		{2B014D7A-2897-4D18-AADE-42CEA3669BFB}.Ad-Hoc|ARM.Build.0 = Release|ARM
		{2B014D7A-2897-4D18-AADE-42CEA3669BFB}.Ad-Hoc|ARM.Deploy.0 = Release|ARM
		{2B014D7A-2897-4D18-AADE-42CEA3669BFB}.Ad-Hoc|iPhone.ActiveCfg = Release|Any CPU
		{2B014D7A-2897-4D18-AADE-42CEA3669BFB}.Ad-Hoc|iPhoneSimulator.ActiveCfg = Release|Any CPU
		{2B014D7A-2897-4D18-AADE-42CEA3669BFB}.Ad-Hoc|Mixed Platforms.ActiveCfg = Release|x86
		{2B014D7A-2897-4D18-AADE-42CEA3669BFB}.Ad-Hoc|Mixed Platforms.Build.0 = Release|x86
		{2B014D7A-2897-4D18-AADE-42CEA3669BFB}.Ad-Hoc|Mixed Platforms.Deploy.0 = Release|x86
		{2B014D7A-2897-4D18-AADE-42CEA3669BFB}.Ad-Hoc|x86.ActiveCfg = Release|x86
		{2B014D7A-2897-4D18-AADE-42CEA3669BFB}.Ad-Hoc|x86.Build.0 = Release|x86
		{2B014D7A-2897-4D18-AADE-42CEA3669BFB}.Ad-Hoc|x86.Deploy.0 = Release|x86
		{2B014D7A-2897-4D18-AADE-42CEA3669BFB}.AppStore|Any CPU.ActiveCfg = Release|Any CPU
		{2B014D7A-2897-4D18-AADE-42CEA3669BFB}.AppStore|Any CPU.Build.0 = Release|Any CPU
		{2B014D7A-2897-4D18-AADE-42CEA3669BFB}.AppStore|Any CPU.Deploy.0 = Release|Any CPU
		{2B014D7A-2897-4D18-AADE-42CEA3669BFB}.AppStore|ARM.ActiveCfg = Release|ARM
		{2B014D7A-2897-4D18-AADE-42CEA3669BFB}.AppStore|ARM.Build.0 = Release|ARM
		{2B014D7A-2897-4D18-AADE-42CEA3669BFB}.AppStore|ARM.Deploy.0 = Release|ARM
		{2B014D7A-2897-4D18-AADE-42CEA3669BFB}.AppStore|iPhone.ActiveCfg = Release|Any CPU
		{2B014D7A-2897-4D18-AADE-42CEA3669BFB}.AppStore|iPhoneSimulator.ActiveCfg = Release|Any CPU
		{2B014D7A-2897-4D18-AADE-42CEA3669BFB}.AppStore|Mixed Platforms.ActiveCfg = Release|x86
		{2B014D7A-2897-4D18-AADE-42CEA3669BFB}.AppStore|Mixed Platforms.Build.0 = Release|x86
		{2B014D7A-2897-4D18-AADE-42CEA3669BFB}.AppStore|Mixed Platforms.Deploy.0 = Release|x86
		{2B014D7A-2897-4D18-AADE-42CEA3669BFB}.AppStore|x86.ActiveCfg = Release|x86
		{2B014D7A-2897-4D18-AADE-42CEA3669BFB}.AppStore|x86.Build.0 = Release|x86
		{2B014D7A-2897-4D18-AADE-42CEA3669BFB}.AppStore|x86.Deploy.0 = Release|x86
		{2B014D7A-2897-4D18-AADE-42CEA3669BFB}.Debug|Any CPU.ActiveCfg = Debug|Any CPU
		{2B014D7A-2897-4D18-AADE-42CEA3669BFB}.Debug|Any CPU.Build.0 = Debug|Any CPU
		{2B014D7A-2897-4D18-AADE-42CEA3669BFB}.Debug|Any CPU.Deploy.0 = Debug|Any CPU
		{2B014D7A-2897-4D18-AADE-42CEA3669BFB}.Debug|ARM.ActiveCfg = Debug|ARM
		{2B014D7A-2897-4D18-AADE-42CEA3669BFB}.Debug|ARM.Build.0 = Debug|ARM
		{2B014D7A-2897-4D18-AADE-42CEA3669BFB}.Debug|ARM.Deploy.0 = Debug|ARM
		{2B014D7A-2897-4D18-AADE-42CEA3669BFB}.Debug|iPhone.ActiveCfg = Debug|Any CPU
		{2B014D7A-2897-4D18-AADE-42CEA3669BFB}.Debug|iPhoneSimulator.ActiveCfg = Debug|Any CPU
		{2B014D7A-2897-4D18-AADE-42CEA3669BFB}.Debug|Mixed Platforms.ActiveCfg = Debug|x86
		{2B014D7A-2897-4D18-AADE-42CEA3669BFB}.Debug|Mixed Platforms.Build.0 = Debug|x86
		{2B014D7A-2897-4D18-AADE-42CEA3669BFB}.Debug|Mixed Platforms.Deploy.0 = Debug|x86
		{2B014D7A-2897-4D18-AADE-42CEA3669BFB}.Debug|x86.ActiveCfg = Debug|x86
		{2B014D7A-2897-4D18-AADE-42CEA3669BFB}.Debug|x86.Build.0 = Debug|x86
		{2B014D7A-2897-4D18-AADE-42CEA3669BFB}.Debug|x86.Deploy.0 = Debug|x86
		{2B014D7A-2897-4D18-AADE-42CEA3669BFB}.Release|Any CPU.ActiveCfg = Release|Any CPU
		{2B014D7A-2897-4D18-AADE-42CEA3669BFB}.Release|Any CPU.Build.0 = Release|Any CPU
		{2B014D7A-2897-4D18-AADE-42CEA3669BFB}.Release|Any CPU.Deploy.0 = Release|Any CPU
		{2B014D7A-2897-4D18-AADE-42CEA3669BFB}.Release|ARM.ActiveCfg = Release|ARM
		{2B014D7A-2897-4D18-AADE-42CEA3669BFB}.Release|ARM.Build.0 = Release|ARM
		{2B014D7A-2897-4D18-AADE-42CEA3669BFB}.Release|ARM.Deploy.0 = Release|ARM
		{2B014D7A-2897-4D18-AADE-42CEA3669BFB}.Release|iPhone.ActiveCfg = Release|Any CPU
		{2B014D7A-2897-4D18-AADE-42CEA3669BFB}.Release|iPhoneSimulator.ActiveCfg = Release|Any CPU
		{2B014D7A-2897-4D18-AADE-42CEA3669BFB}.Release|Mixed Platforms.ActiveCfg = Release|x86
		{2B014D7A-2897-4D18-AADE-42CEA3669BFB}.Release|Mixed Platforms.Build.0 = Release|x86
		{2B014D7A-2897-4D18-AADE-42CEA3669BFB}.Release|Mixed Platforms.Deploy.0 = Release|x86
		{2B014D7A-2897-4D18-AADE-42CEA3669BFB}.Release|x86.ActiveCfg = Release|x86
		{2B014D7A-2897-4D18-AADE-42CEA3669BFB}.Release|x86.Build.0 = Release|x86
		{2B014D7A-2897-4D18-AADE-42CEA3669BFB}.Release|x86.Deploy.0 = Release|x86
	EndGlobalSection
	GlobalSection(SolutionProperties) = preSolution
		HideSolutionNode = FALSE
	EndGlobalSection
	GlobalSection(MonoDevelopProperties) = preSolution
		StartupItem = Android\OverlayTest.Android.csproj
	EndGlobalSection
EndGlobal
